
Microsoft Visual Studio Solution File, Format Version 12.00
# Visual Studio Version 16
VisualStudioVersion = 16.0.32126.315
MinimumVisualStudioVersion = 10.0.40219.1
Project("{2150E333-8FDC-42A3-9474-1A3956D46DE8}") = "StructuralPatterns", "StructuralPatterns", "{51414BA4-D377-4957-93E5-F6578F798F44}"
EndProject
Project("{2150E333-8FDC-42A3-9474-1A3956D46DE8}") = "CreationalPatterns", "CreationalPatterns", "{03997726-AFA9-4FEB-A81D-D7A1CA60C22F}"
EndProject
Project("{2150E333-8FDC-42A3-9474-1A3956D46DE8}") = "BehavioralPatterns", "BehavioralPatterns", "{06BD28F9-0FEF-4DAE-A3D6-0050A7E3326D}"
EndProject
Project("{9A19103F-16F7-4668-BE54-9A1E7A4F7556}") = "DesignPattern.Singleton", "CreationalPatterns\DesignPattern.Singleton\DesignPattern.Singleton.csproj", "{E7FF3993-ED60-42DC-BA52-B3D430B0F3EA}"
EndProject
Project("{9A19103F-16F7-4668-BE54-9A1E7A4F7556}") = "DesignPattern.Factory", "CreationalPatterns\DesignPattern.Factory\DesignPattern.Factory.csproj", "{7D60299D-99A8-4D63-BD3D-AB190B65E812}"
EndProject
Project("{9A19103F-16F7-4668-BE54-9A1E7A4F7556}") = "DesignPattern.AbstractFactory", "CreationalPatterns\DesignPattern.AbstractFactory\DesignPattern.AbstractFactory.csproj", "{DEB7308A-DD14-4F92-9ADF-2D33B063DD71}"
EndProject
Project("{FAE04EC0-301F-11D3-BF4B-00C04F79EFBC}") = "DesignPattern.BuilderPattern", "CreationalPatterns\DesignPattern.BuilderPattern\DesignPattern.BuilderPattern.csproj", "{A45EEAE7-24C7-447D-A109-36F8AED4BC74}"
EndProject
Project("{FAE04EC0-301F-11D3-BF4B-00C04F79EFBC}") = "DesignPattern.PrototypePattern", "CreationalPatterns\DesignPattern.PrototypePattern\DesignPattern.PrototypePattern.csproj", "{94BD1CC2-10B7-4FC0-95C5-A7DE9AD47E85}"
EndProject
Project("{FAE04EC0-301F-11D3-BF4B-00C04F79EFBC}") = "DesignPattern.Adapter", "DesignPattern.PrototypePattern\Adapter\DesignPattern.Adapter.csproj", "{D851B26D-AC6B-4465-9747-21124D666008}"
EndProject
Global
	GlobalSection(SolutionConfigurationPlatforms) = preSolution
		Debug|Any CPU = Debug|Any CPU
		Release|Any CPU = Release|Any CPU
	EndGlobalSection
	GlobalSection(ProjectConfigurationPlatforms) = postSolution
		{E7FF3993-ED60-42DC-BA52-B3D430B0F3EA}.Debug|Any CPU.ActiveCfg = Debug|Any CPU
		{E7FF3993-ED60-42DC-BA52-B3D430B0F3EA}.Debug|Any CPU.Build.0 = Debug|Any CPU
		{E7FF3993-ED60-42DC-BA52-B3D430B0F3EA}.Release|Any CPU.ActiveCfg = Release|Any CPU
		{E7FF3993-ED60-42DC-BA52-B3D430B0F3EA}.Release|Any CPU.Build.0 = Release|Any CPU
		{7D60299D-99A8-4D63-BD3D-AB190B65E812}.Debug|Any CPU.ActiveCfg = Debug|Any CPU
		{7D60299D-99A8-4D63-BD3D-AB190B65E812}.Debug|Any CPU.Build.0 = Debug|Any CPU
		{7D60299D-99A8-4D63-BD3D-AB190B65E812}.Release|Any CPU.ActiveCfg = Release|Any CPU
		{7D60299D-99A8-4D63-BD3D-AB190B65E812}.Release|Any CPU.Build.0 = Release|Any CPU
		{DEB7308A-DD14-4F92-9ADF-2D33B063DD71}.Debug|Any CPU.ActiveCfg = Debug|Any CPU
		{DEB7308A-DD14-4F92-9ADF-2D33B063DD71}.Debug|Any CPU.Build.0 = Debug|Any CPU
		{DEB7308A-DD14-4F92-9ADF-2D33B063DD71}.Release|Any CPU.ActiveCfg = Release|Any CPU
		{DEB7308A-DD14-4F92-9ADF-2D33B063DD71}.Release|Any CPU.Build.0 = Release|Any CPU
		{A45EEAE7-24C7-447D-A109-36F8AED4BC74}.Debug|Any CPU.ActiveCfg = Debug|Any CPU
		{A45EEAE7-24C7-447D-A109-36F8AED4BC74}.Debug|Any CPU.Build.0 = Debug|Any CPU
		{A45EEAE7-24C7-447D-A109-36F8AED4BC74}.Release|Any CPU.ActiveCfg = Release|Any CPU
		{A45EEAE7-24C7-447D-A109-36F8AED4BC74}.Release|Any CPU.Build.0 = Release|Any CPU
		{94BD1CC2-10B7-4FC0-95C5-A7DE9AD47E85}.Debug|Any CPU.ActiveCfg = Debug|Any CPU
		{94BD1CC2-10B7-4FC0-95C5-A7DE9AD47E85}.Debug|Any CPU.Build.0 = Debug|Any CPU
		{94BD1CC2-10B7-4FC0-95C5-A7DE9AD47E85}.Release|Any CPU.ActiveCfg = Release|Any CPU
		{94BD1CC2-10B7-4FC0-95C5-A7DE9AD47E85}.Release|Any CPU.Build.0 = Release|Any CPU
		{D851B26D-AC6B-4465-9747-21124D666008}.Debug|Any CPU.ActiveCfg = Debug|Any CPU
		{D851B26D-AC6B-4465-9747-21124D666008}.Debug|Any CPU.Build.0 = Debug|Any CPU
		{D851B26D-AC6B-4465-9747-21124D666008}.Release|Any CPU.ActiveCfg = Release|Any CPU
		{D851B26D-AC6B-4465-9747-21124D666008}.Release|Any CPU.Build.0 = Release|Any CPU
	EndGlobalSection
	GlobalSection(SolutionProperties) = preSolution
		HideSolutionNode = FALSE
	EndGlobalSection
	GlobalSection(NestedProjects) = preSolution
		{E7FF3993-ED60-42DC-BA52-B3D430B0F3EA} = {03997726-AFA9-4FEB-A81D-D7A1CA60C22F}
		{7D60299D-99A8-4D63-BD3D-AB190B65E812} = {03997726-AFA9-4FEB-A81D-D7A1CA60C22F}
		{DEB7308A-DD14-4F92-9ADF-2D33B063DD71} = {03997726-AFA9-4FEB-A81D-D7A1CA60C22F}
		{A45EEAE7-24C7-447D-A109-36F8AED4BC74} = {03997726-AFA9-4FEB-A81D-D7A1CA60C22F}
		{94BD1CC2-10B7-4FC0-95C5-A7DE9AD47E85} = {03997726-AFA9-4FEB-A81D-D7A1CA60C22F}
		{D851B26D-AC6B-4465-9747-21124D666008} = {51414BA4-D377-4957-93E5-F6578F798F44}
	EndGlobalSection
	GlobalSection(ExtensibilityGlobals) = postSolution
		SolutionGuid = {CA40560C-6F60-46EB-92C3-B8F3B5EA831C}
	EndGlobalSection
EndGlobal
